
Microsoft Visual Studio Solution File, Format Version 12.00
Project("{FAE04EC0-301F-11D3-BF4B-00C04F79EFBC}") = "JSON Market", "JSON Market.csproj", "{76693722-0A0B-4D7F-9523-86631020DD78}"
EndProject
Global
	GlobalSection(SolutionConfigurationPlatforms) = preSolution
		Debug|Any CPU = Debug|Any CPU
		Release|Any CPU = Release|Any CPU
	EndGlobalSection
	GlobalSection(ProjectConfigurationPlatforms) = postSolution
		{76693722-0A0B-4D7F-9523-86631020DD78}.Debug|Any CPU.ActiveCfg = Debug|Any CPU
		{76693722-0A0B-4D7F-9523-86631020DD78}.Debug|Any CPU.Build.0 = Debug|Any CPU
		{76693722-0A0B-4D7F-9523-86631020DD78}.Release|Any CPU.ActiveCfg = Release|Any CPU
		{76693722-0A0B-4D7F-9523-86631020DD78}.Release|Any CPU.Build.0 = Release|Any CPU
	EndGlobalSection
EndGlobal
